
Microsoft Visual Studio Solution File, Format Version 11.00
# Visual Studio 2010
# SharpDevelop 5.1
Project("{FAE04EC0-301F-11D3-BF4B-00C04F79EFBC}") = "Breakout", "Breakout\Breakout.csproj", "{75C1424A-CC20-47F4-A526-6BA234ED392F}"
EndProject
Global
	GlobalSection(SolutionConfigurationPlatforms) = preSolution
		Debug|Any CPU = Debug|Any CPU
		Release|Any CPU = Release|Any CPU
	EndGlobalSection
	GlobalSection(ProjectConfigurationPlatforms) = postSolution
		{75C1424A-CC20-47F4-A526-6BA234ED392F}.Debug|Any CPU.ActiveCfg = Debug|Any CPU
		{75C1424A-CC20-47F4-A526-6BA234ED392F}.Debug|Any CPU.Build.0 = Debug|Any CPU
		{75C1424A-CC20-47F4-A526-6BA234ED392F}.Release|Any CPU.ActiveCfg = Release|Any CPU
		{75C1424A-CC20-47F4-A526-6BA234ED392F}.Release|Any CPU.Build.0 = Release|Any CPU
	EndGlobalSection
EndGlobal
